// !$*UTF8*$!
{
	archiveVersion = 1;
	classes = {
	};
	objectVersion = 77;
	objects = {

/* Begin PBXBuildFile section */
		F73142002CFDB8A500F54AD2 /* Assets.xcassets in Resources */ = {isa = PBXBuildFile; fileRef = F73141F72CFDB8A500F54AD2 /* Assets.xcassets */; };
		F73142022CFDB8A500F54AD2 /* LaunchScreen.storyboard in Resources */ = {isa = PBXBuildFile; fileRef = F73141FA2CFDB8A500F54AD2 /* LaunchScreen.storyboard */; };
		F73142032CFDB8A500F54AD2 /* Main.storyboard in Resources */ = {isa = PBXBuildFile; fileRef = F73141FC2CFDB8A500F54AD2 /* Main.storyboard */; };
		F73142042CFDB8A500F54AD2 /* AppDelegate.swift in Sources */ = {isa = PBXBuildFile; fileRef = F73141F62CFDB8A500F54AD2 /* AppDelegate.swift */; };
		F73142052CFDB8A500F54AD2 /* SceneDelegate.swift in Sources */ = {isa = PBXBuildFile; fileRef = F73141FD2CFDB8A500F54AD2 /* SceneDelegate.swift */; };
		F73142062CFDB8A500F54AD2 /* ViewController.swift in Sources */ = {isa = PBXBuildFile; fileRef = F73141FE2CFDB8A500F54AD2 /* ViewController.swift */; };
		F731420C2CFDC11700F54AD2 /* AudioUnitRecorder.m in Sources */ = {isa = PBXBuildFile; fileRef = F731420B2CFDC11700F54AD2 /* AudioUnitRecorder.m */; };
		F732D1622D067D3100FFD80D /* AudioUnitPlayer.m in Sources */ = {isa = PBXBuildFile; fileRef = F732D1612D067D3100FFD80D /* AudioUnitPlayer.m */; };
/* End PBXBuildFile section */

/* Begin PBXFileReference section */
		F73141DE2CFDB89B00F54AD2 /* AudioUnitRecorderDemo.app */ = {isa = PBXFileReference; explicitFileType = wrapper.application; includeInIndex = 0; path = AudioUnitRecorderDemo.app; sourceTree = BUILT_PRODUCTS_DIR; };
		F73141F62CFDB8A500F54AD2 /* AppDelegate.swift */ = {isa = PBXFileReference; lastKnownFileType = sourcecode.swift; path = AppDelegate.swift; sourceTree = "<group>"; };
		F73141F72CFDB8A500F54AD2 /* Assets.xcassets */ = {isa = PBXFileReference; lastKnownFileType = folder.assetcatalog; path = Assets.xcassets; sourceTree = "<group>"; };
		F73141F82CFDB8A500F54AD2 /* Info.plist */ = {isa = PBXFileReference; lastKnownFileType = text.plist.xml; path = Info.plist; sourceTree = "<group>"; };
		F73141F92CFDB8A500F54AD2 /* Base */ = {isa = PBXFileReference; lastKnownFileType = file.storyboard; name = Base; path = Base.lproj/LaunchScreen.storyboard; sourceTree = "<group>"; };
		F73141FB2CFDB8A500F54AD2 /* Base */ = {isa = PBXFileReference; lastKnownFileType = file.storyboard; name = Base; path = Base.lproj/Main.storyboard; sourceTree = "<group>"; };
		F73141FD2CFDB8A500F54AD2 /* SceneDelegate.swift */ = {isa = PBXFileReference; lastKnownFileType = sourcecode.swift; path = SceneDelegate.swift; sourceTree = "<group>"; };
		F73141FE2CFDB8A500F54AD2 /* ViewController.swift */ = {isa = PBXFileReference; lastKnownFileType = sourcecode.swift; path = ViewController.swift; sourceTree = "<group>"; };
		F73142092CFDC11600F54AD2 /* AudioUnitRecorderDemo-Bridging-Header.h */ = {isa = PBXFileReference; lastKnownFileType = sourcecode.c.h; path = "AudioUnitRecorderDemo-Bridging-Header.h"; sourceTree = "<group>"; };
		F731420A2CFDC11700F54AD2 /* AudioUnitRecorder.h */ = {isa = PBXFileReference; lastKnownFileType = sourcecode.c.h; path = AudioUnitRecorder.h; sourceTree = "<group>"; };
		F731420B2CFDC11700F54AD2 /* AudioUnitRecorder.m */ = {isa = PBXFileReference; lastKnownFileType = sourcecode.c.objc; path = AudioUnitRecorder.m; sourceTree = "<group>"; };
		F732D1602D067D3100FFD80D /* AudioUnitPlayer.h */ = {isa = PBXFileReference; lastKnownFileType = sourcecode.c.h; path = AudioUnitPlayer.h; sourceTree = "<group>"; };
		F732D1612D067D3100FFD80D /* AudioUnitPlayer.m */ = {isa = PBXFileReference; lastKnownFileType = sourcecode.c.objc; path = AudioUnitPlayer.m; sourceTree = "<group>"; };
/* End PBXFileReference section */

/* Begin PBXFrameworksBuildPhase section */
		F73141DB2CFDB89B00F54AD2 /* Frameworks */ = {
			isa = PBXFrameworksBuildPhase;
			buildActionMask = 2147483647;
			files = (
			);
			runOnlyForDeploymentPostprocessing = 0;
		};
/* End PBXFrameworksBuildPhase section */

/* Begin PBXGroup section */
		F73141D52CFDB89B00F54AD2 = {
			isa = PBXGroup;
			children = (
				F73141FF2CFDB8A500F54AD2 /* AudioUnitRecorderDemo */,
				F73141DF2CFDB89B00F54AD2 /* Products */,
			);
			sourceTree = "<group>";
		};
		F73141DF2CFDB89B00F54AD2 /* Products */ = {
			isa = PBXGroup;
			children = (
				F73141DE2CFDB89B00F54AD2 /* AudioUnitRecorderDemo.app */,
			);
			name = Products;
			sourceTree = "<group>";
		};
		F73141FF2CFDB8A500F54AD2 /* AudioUnitRecorderDemo */ = {
			isa = PBXGroup;
			children = (
				F73141FE2CFDB8A500F54AD2 /* ViewController.swift */,
				F731420A2CFDC11700F54AD2 /* AudioUnitRecorder.h */,
				F731420B2CFDC11700F54AD2 /* AudioUnitRecorder.m */,
				F732D1602D067D3100FFD80D /* AudioUnitPlayer.h */,
				F732D1612D067D3100FFD80D /* AudioUnitPlayer.m */,
				F73141F62CFDB8A500F54AD2 /* AppDelegate.swift */,
				F73141F72CFDB8A500F54AD2 /* Assets.xcassets */,
				F73141F82CFDB8A500F54AD2 /* Info.plist */,
				F73141FA2CFDB8A500F54AD2 /* LaunchScreen.storyboard */,
				F73141FC2CFDB8A500F54AD2 /* Main.storyboard */,
				F73141FD2CFDB8A500F54AD2 /* SceneDelegate.swift */,
				F73142092CFDC11600F54AD2 /* AudioUnitRecorderDemo-Bridging-Header.h */,
			);
			path = AudioUnitRecorderDemo;
			sourceTree = "<group>";
		};
/* End PBXGroup section */

/* Begin PBXNativeTarget section */
		F73141DD2CFDB89B00F54AD2 /* AudioUnitRecorderDemo */ = {
			isa = PBXNativeTarget;
			buildConfigurationList = F73141F12CFDB89D00F54AD2 /* Build configuration list for PBXNativeTarget "AudioUnitRecorderDemo" */;
			buildPhases = (
				F73141DA2CFDB89B00F54AD2 /* Sources */,
				F73141DB2CFDB89B00F54AD2 /* Frameworks */,
				F73141DC2CFDB89B00F54AD2 /* Resources */,
			);
			buildRules = (
			);
			dependencies = (
			);
			name = AudioUnitRecorderDemo;
			packageProductDependencies = (
			);
			productName = AudioUnitRecorderDemo;
			productReference = F73141DE2CFDB89B00F54AD2 /* AudioUnitRecorderDemo.app */;
			productType = "com.apple.product-type.application";
		};
/* End PBXNativeTarget section */

/* Begin PBXProject section */
		F73141D62CFDB89B00F54AD2 /* Project object */ = {
			isa = PBXProject;
			attributes = {
				BuildIndependentTargetsInParallel = 1;
				LastSwiftUpdateCheck = 1610;
				LastUpgradeCheck = 1610;
				TargetAttributes = {
					F73141DD2CFDB89B00F54AD2 = {
						CreatedOnToolsVersion = 16.1;
						LastSwiftMigration = 1610;
					};
				};
			};
			buildConfigurationList = F73141D92CFDB89B00F54AD2 /* Build configuration list for PBXProject "AudioUnitRecorderDemo" */;
			developmentRegion = en;
			hasScannedForEncodings = 0;
			knownRegions = (
				en,
				Base,
			);
			mainGroup = F73141D52CFDB89B00F54AD2;
			minimizedProjectReferenceProxies = 1;
			preferredProjectObjectVersion = 77;
			productRefGroup = F73141DF2CFDB89B00F54AD2 /* Products */;
			projectDirPath = "";
			projectRoot = "";
			targets = (
				F73141DD2CFDB89B00F54AD2 /* AudioUnitRecorderDemo */,
			);
		};
/* End PBXProject section */

/* Begin PBXResourcesBuildPhase section */
		F73141DC2CFDB89B00F54AD2 /* Resources */ = {
			isa = PBXResourcesBuildPhase;
			buildActionMask = 2147483647;
			files = (
				F73142002CFDB8A500F54AD2 /* Assets.xcassets in Resources */,
				F73142022CFDB8A500F54AD2 /* LaunchScreen.storyboard in Resources */,
				F73142032CFDB8A500F54AD2 /* Main.storyboard in Resources */,
			);
			runOnlyForDeploymentPostprocessing = 0;
		};
/* End PBXResourcesBuildPhase section */

/* Begin PBXSourcesBuildPhase section */
		F73141DA2CFDB89B00F54AD2 /* Sources */ = {
			isa = PBXSourcesBuildPhase;
			buildActionMask = 2147483647;
			files = (
				F73142042CFDB8A500F54AD2 /* AppDelegate.swift in Sources */,
				F732D1622D067D3100FFD80D /* AudioUnitPlayer.m in Sources */,
				F73142052CFDB8A500F54AD2 /* SceneDelegate.swift in Sources */,
				F731420C2CFDC11700F54AD2 /* AudioUnitRecorder.m in Sources */,
				F73142062CFDB8A500F54AD2 /* ViewController.swift in Sources */,
			);
			runOnlyForDeploymentPostprocessing = 0;
		};
/* End PBXSourcesBuildPhase section */

/* Begin PBXVariantGroup section */
		F73141FA2CFDB8A500F54AD2 /* LaunchScreen.storyboard */ = {
			isa = PBXVariantGroup;
			children = (
				F73141F92CFDB8A500F54AD2 /* Base */,
			);
			name = LaunchScreen.storyboard;
			sourceTree = "<group>";
		};
		F73141FC2CFDB8A500F54AD2 /* Main.storyboard */ = {
			isa = PBXVariantGroup;
			children = (
				F73141FB2CFDB8A500F54AD2 /* Base */,
			);
			name = Main.storyboard;
			sourceTree = "<group>";
		};
/* End PBXVariantGroup section */

/* Begin XCBuildConfiguration section */
		F73141F22CFDB89D00F54AD2 /* Debug */ = {
			isa = XCBuildConfiguration;
			buildSettings = {
				ASSETCATALOG_COMPILER_APPICON_NAME = AppIcon;
				ASSETCATALOG_COMPILER_GLOBAL_ACCENT_COLOR_NAME = AccentColor;
				CLANG_ENABLE_MODULES = YES;
				CODE_SIGN_STYLE = Automatic;
				CURRENT_PROJECT_VERSION = 1;
				DEVELOPMENT_TEAM = KS5QTFAS57;
				GENERATE_INFOPLIST_FILE = YES;
				INFOPLIST_FILE = AudioUnitRecorderDemo/Info.plist;
				INFOPLIST_KEY_NSMicrophoneUsageDescription = "";
				INFOPLIST_KEY_UIApplicationSupportsIndirectInputEvents = YES;
				INFOPLIST_KEY_UILaunchStoryboardName = LaunchScreen;
				INFOPLIST_KEY_UIMainStoryboardFile = Main;
				INFOPLIST_KEY_UISupportedInterfaceOrientations_iPad = "UIInterfaceOrientationPortrait UIInterfaceOrientationPortraitUpsideDown UIInterfaceOrientationLandscapeLeft UIInterfaceOrientationLandscapeRight";
				INFOPLIST_KEY_UISupportedInterfaceOrientations_iPhone = "UIInterfaceOrientationPortrait UIInterfaceOrientationLandscapeLeft UIInterfaceOrientationLandscapeRight";
				LD_RUNPATH_SEARCH_PATHS = (
					"$(inherited)",
					"@executable_path/Frameworks",
				);
				MARKETING_VERSION = 1.0;
				PRODUCT_BUNDLE_IDENTIFIER = cn.shenyj.audio.unit.record.demo.AudioUnitRecorderDemo;
				PRODUCT_NAME = "$(TARGET_NAME)";
				SWIFT_EMIT_LOC_STRINGS = YES;
				SWIFT_OBJC_BRIDGING_HEADER = "AudioUnitRecorderDemo/AudioUnitRecorderDemo-Bridging-Header.h";
				SWIFT_OPTIMIZATION_LEVEL = "-Onone";
				SWIFT_VERSION = 5.0;
				TARGETED_DEVICE_FAMILY = "1,2";
			};
			name = Debug;
		};
		F73141F32CFDB89D00F54AD2 /* Release */ = {
			isa = XCBuildConfiguration;
			buildSettings = {
				ASSETCATALOG_COMPILER_APPICON_NAME = AppIcon;
				ASSETCATALOG_COMPILER_GLOBAL_ACCENT_COLOR_NAME = AccentColor;
				CLANG_ENABLE_MODULES = YES;
				CODE_SIGN_STYLE = Automatic;
				CURRENT_PROJECT_VERSION = 1;
				DEVELOPMENT_TEAM = KS5QTFAS57;
				GENERATE_INFOPLIST_FILE = YES;
				INFOPLIST_FILE = AudioUnitRecorderDemo/Info.plist;
				INFOPLIST_KEY_NSMicrophoneUsageDescription = "";
				INFOPLIST_KEY_UIApplicationSupportsIndirectInputEvents = YES;
				INFOPLIST_KEY_UILaunchStoryboardName = LaunchScreen;
				INFOPLIST_KEY_UIMainStoryboardFile = Main;
				INFOPLIST_KEY_UISupportedInterfaceOrientations_iPad = "UIInterfaceOrientationPortrait UIInterfaceOrientationPortraitUpsideDown UIInterfaceOrientationLandscapeLeft UIInterfaceOrientationLandscapeRight";
				INFOPLIST_KEY_UISupportedInterfaceOrientations_iPhone = "UIInterfaceOrientationPortrait UIInterfaceOrientationLandscapeLeft UIInterfaceOrientationLandscapeRight";
				LD_RUNPATH_SEARCH_PATHS = (
					"$(inherited)",
					"@executable_path/Frameworks",
				);
				MARKETING_VERSION = 1.0;
				PRODUCT_BUNDLE_IDENTIFIER = cn.shenyj.audio.unit.record.demo.AudioUnitRecorderDemo;
				PRODUCT_NAME = "$(TARGET_NAME)";
				SWIFT_EMIT_LOC_STRINGS = YES;
				SWIFT_OBJC_BRIDGING_HEADER = "AudioUnitRecorderDemo/AudioUnitRecorderDemo-Bridging-Header.h";
				SWIFT_VERSION = 5.0;
				TARGETED_DEVICE_FAMILY = "1,2";
			};
			name = Release;
		};
		F73141F42CFDB89D00F54AD2 /* Debug */ = {
			isa = XCBuildConfiguration;
			buildSettings = {
				ALWAYS_SEARCH_USER_PATHS = NO;
				ASSETCATALOG_COMPILER_GENERATE_SWIFT_ASSET_SYMBOL_EXTENSIONS = YES;
				CLANG_ANALYZER_NONNULL = YES;
				CLANG_ANALYZER_NUMBER_OBJECT_CONVERSION = YES_AGGRESSIVE;
				CLANG_CXX_LANGUAGE_STANDARD = "gnu++20";
				CLANG_ENABLE_MODULES = YES;
				CLANG_ENABLE_OBJC_ARC = YES;
				CLANG_ENABLE_OBJC_WEAK = YES;
				CLANG_WARN_BLOCK_CAPTURE_AUTORELEASING = YES;
				CLANG_WARN_BOOL_CONVERSION = YES;
				CLANG_WARN_COMMA = YES;
				CLANG_WARN_CONSTANT_CONVERSION = YES;
				CLANG_WARN_DEPRECATED_OBJC_IMPLEMENTATIONS = YES;
				CLANG_WARN_DIRECT_OBJC_ISA_USAGE = YES_ERROR;
				CLANG_WARN_DOCUMENTATION_COMMENTS = YES;
				CLANG_WARN_EMPTY_BODY = YES;
				CLANG_WARN_ENUM_CONVERSION = YES;
				CLANG_WARN_INFINITE_RECURSION = YES;
				CLANG_WARN_INT_CONVERSION = YES;
				CLANG_WARN_NON_LITERAL_NULL_CONVERSION = YES;
				CLANG_WARN_OBJC_IMPLICIT_RETAIN_SELF = YES;
				CLANG_WARN_OBJC_LITERAL_CONVERSION = YES;
				CLANG_WARN_OBJC_ROOT_CLASS = YES_ERROR;
				CLANG_WARN_QUOTED_INCLUDE_IN_FRAMEWORK_HEADER = YES;
				CLANG_WARN_RANGE_LOOP_ANALYSIS = YES;
				CLANG_WARN_STRICT_PROTOTYPES = YES;
				CLANG_WARN_SUSPICIOUS_MOVE = YES;
				CLANG_WARN_UNGUARDED_AVAILABILITY = YES_AGGRESSIVE;
				CLANG_WARN_UNREACHABLE_CODE = YES;
				CLANG_WARN__DUPLICATE_METHOD_MATCH = YES;
				COPY_PHASE_STRIP = NO;
				DEBUG_INFORMATION_FORMAT = dwarf;
				ENABLE_STRICT_OBJC_MSGSEND = YES;
				ENABLE_TESTABILITY = YES;
				ENABLE_USER_SCRIPT_SANDBOXING = YES;
				GCC_C_LANGUAGE_STANDARD = gnu17;
				GCC_DYNAMIC_NO_PIC = NO;
				GCC_NO_COMMON_BLOCKS = YES;
				GCC_OPTIMIZATION_LEVEL = 0;
				GCC_PREPROCESSOR_DEFINITIONS = (
					"DEBUG=1",
					"$(inherited)",
				);
				GCC_WARN_64_TO_32_BIT_CONVERSION = YES;
				GCC_WARN_ABOUT_RETURN_TYPE = YES_ERROR;
				GCC_WARN_UNDECLARED_SELECTOR = YES;
				GCC_WARN_UNINITIALIZED_AUTOS = YES_AGGRESSIVE;
				GCC_WARN_UNUSED_FUNCTION = YES;
				GCC_WARN_UNUSED_VARIABLE = YES;
				IPHONEOS_DEPLOYMENT_TARGET = 18.1;
				LOCALIZATION_PREFERS_STRING_CATALOGS = YES;
				MTL_ENABLE_DEBUG_INFO = INCLUDE_SOURCE;
				MTL_FAST_MATH = YES;
				ONLY_ACTIVE_ARCH = YES;
				SDKROOT = iphoneos;
				SWIFT_ACTIVE_COMPILATION_CONDITIONS = "DEBUG $(inherited)";
				SWIFT_OPTIMIZATION_LEVEL = "-Onone";
			};
			name = Debug;
		};
		F73141F52CFDB89D00F54AD2 /* Release */ = {
			isa = XCBuildConfiguration;
			buildSettings = {
				ALWAYS_SEARCH_USER_PATHS = NO;
				ASSETCATALOG_COMPILER_GENERATE_SWIFT_ASSET_SYMBOL_EXTENSIONS = YES;
				CLANG_ANALYZER_NONNULL = YES;
				CLANG_ANALYZER_NUMBER_OBJECT_CONVERSION = YES_AGGRESSIVE;
				CLANG_CXX_LANGUAGE_STANDARD = "gnu++20";
				CLANG_ENABLE_MODULES = YES;
				CLANG_ENABLE_OBJC_ARC = YES;
				CLANG_ENABLE_OBJC_WEAK = YES;
				CLANG_WARN_BLOCK_CAPTURE_AUTORELEASING = YES;
				CLANG_WARN_BOOL_CONVERSION = YES;
				CLANG_WARN_COMMA = YES;
				CLANG_WARN_CONSTANT_CONVERSION = YES;
				CLANG_WARN_DEPRECATED_OBJC_IMPLEMENTATIONS = YES;
				CLANG_WARN_DIRECT_OBJC_ISA_USAGE = YES_ERROR;
				CLANG_WARN_DOCUMENTATION_COMMENTS = YES;
				CLANG_WARN_EMPTY_BODY = YES;
				CLANG_WARN_ENUM_CONVERSION = YES;
				CLANG_WARN_INFINITE_RECURSION = YES;
				CLANG_WARN_INT_CONVERSION = YES;
				CLANG_WARN_NON_LITERAL_NULL_CONVERSION = YES;
				CLANG_WARN_OBJC_IMPLICIT_RETAIN_SELF = YES;
				CLANG_WARN_OBJC_LITERAL_CONVERSION = YES;
				CLANG_WARN_OBJC_ROOT_CLASS = YES_ERROR;
				CLANG_WARN_QUOTED_INCLUDE_IN_FRAMEWORK_HEADER = YES;
				CLANG_WARN_RANGE_LOOP_ANALYSIS = YES;
				CLANG_WARN_STRICT_PROTOTYPES = YES;
				CLANG_WARN_SUSPICIOUS_MOVE = YES;
				CLANG_WARN_UNGUARDED_AVAILABILITY = YES_AGGRESSIVE;
				CLANG_WARN_UNREACHABLE_CODE = YES;
				CLANG_WARN__DUPLICATE_METHOD_MATCH = YES;
				COPY_PHASE_STRIP = NO;
				DEBUG_INFORMATION_FORMAT = "dwarf-with-dsym";
				ENABLE_NS_ASSERTIONS = NO;
				ENABLE_STRICT_OBJC_MSGSEND = YES;
				ENABLE_USER_SCRIPT_SANDBOXING = YES;
				GCC_C_LANGUAGE_STANDARD = gnu17;
				GCC_NO_COMMON_BLOCKS = YES;
				GCC_WARN_64_TO_32_BIT_CONVERSION = YES;
				GCC_WARN_ABOUT_RETURN_TYPE = YES_ERROR;
				GCC_WARN_UNDECLARED_SELECTOR = YES;
				GCC_WARN_UNINITIALIZED_AUTOS = YES_AGGRESSIVE;
				GCC_WARN_UNUSED_FUNCTION = YES;
				GCC_WARN_UNUSED_VARIABLE = YES;
				IPHONEOS_DEPLOYMENT_TARGET = 18.1;
				LOCALIZATION_PREFERS_STRING_CATALOGS = YES;
				MTL_ENABLE_DEBUG_INFO = NO;
				MTL_FAST_MATH = YES;
				SDKROOT = iphoneos;
				SWIFT_COMPILATION_MODE = wholemodule;
				VALIDATE_PRODUCT = YES;
			};
			name = Release;
		};
/* End XCBuildConfiguration section */

/* Begin XCConfigurationList section */
		F73141D92CFDB89B00F54AD2 /* Build configuration list for PBXProject "AudioUnitRecorderDemo" */ = {
			isa = XCConfigurationList;
			buildConfigurations = (
				F73141F42CFDB89D00F54AD2 /* Debug */,
				F73141F52CFDB89D00F54AD2 /* Release */,
			);
			defaultConfigurationIsVisible = 0;
			defaultConfigurationName = Release;
		};
		F73141F12CFDB89D00F54AD2 /* Build configuration list for PBXNativeTarget "AudioUnitRecorderDemo" */ = {
			isa = XCConfigurationList;
			buildConfigurations = (
				F73141F22CFDB89D00F54AD2 /* Debug */,
				F73141F32CFDB89D00F54AD2 /* Release */,
			);
			defaultConfigurationIsVisible = 0;
			defaultConfigurationName = Release;
		};
/* End XCConfigurationList section */
	};
	rootObject = F73141D62CFDB89B00F54AD2 /* Project object */;
}
